{
  "name": "scdl-core",
  "version": "1.3.8",
  "lockfileVersion": 2,
  "requires": true,
  "packages": {
    "": {
      "name": "scdl-core",
      "version": "1.3.8",
      "license": "MIT",
      "dependencies": {
        "parse-hls": "^1.0.7",
        "phin": "^3.6.1"
      }
    },
    "node_modules/centra": {
      "version": "2.5.0",
      "resolved": "https://registry.npmjs.org/centra/-/centra-2.5.0.tgz",
      "integrity": "sha512-CnSF1HD8vOOgNbE4P2fZEhdhfAohvpcF3DSdSvEcSHDAZvr+Xfw73isT8SXJJc3VMBqSwjXhr29/ikHUgFcypg=="
    },
    "node_modules/parse-hls": {
      "version": "1.0.7",
      "resolved": "https://registry.npmjs.org/parse-hls/-/parse-hls-1.0.7.tgz",
      "integrity": "sha512-tnAK2nXe8J/Jf66SwY2cUAKKXInLR9hkNhTtcS7t6J4CgkG8LGBfC1GuuXg7kLLbIQLXpVhZrY/tfyhDbqfzwg=="
    },
    "node_modules/phin": {
      "version": "3.6.1",
      "resolved": "https://registry.npmjs.org/phin/-/phin-3.6.1.tgz",
      "integrity": "sha512-ubcFKk2jRr2WUJEh+QpMkCgOQansJDuIShKbsjpejeyI/aOMLrAf0TaisbMjKwTq9CsypFFJqUaN9ZSRmBJLPw==",
      "dependencies": {
        "centra": "^2.4.2"
      },
      "engines": {
        "node": ">= 8"
      }
    }
  },
  "dependencies": {
    "centra": {
      "version": "2.5.0",
      "resolved": "https://registry.npmjs.org/centra/-/centra-2.5.0.tgz",
      "integrity": "sha512-CnSF1HD8vOOgNbE4P2fZEhdhfAohvpcF3DSdSvEcSHDAZvr+Xfw73isT8SXJJc3VMBqSwjXhr29/ikHUgFcypg=="
    },
    "parse-hls": {
      "version": "1.0.7",
      "resolved": "https://registry.npmjs.org/parse-hls/-/parse-hls-1.0.7.tgz",
      "integrity": "sha512-tnAK2nXe8J/Jf66SwY2cUAKKXInLR9hkNhTtcS7t6J4CgkG8LGBfC1GuuXg7kLLbIQLXpVhZrY/tfyhDbqfzwg=="
    },
    "phin": {
      "version": "3.6.1",
      "resolved": "https://registry.npmjs.org/phin/-/phin-3.6.1.tgz",
      "integrity": "sha512-ubcFKk2jRr2WUJEh+QpMkCgOQansJDuIShKbsjpejeyI/aOMLrAf0TaisbMjKwTq9CsypFFJqUaN9ZSRmBJLPw==",
      "requires": {
        "centra": "^2.4.2"
      }
    }
  }
}
