# THIS IS AN AUTOGENERATED FILE. DO NOT EDIT THIS FILE DIRECTLY.
# yarn lockfile v1


centra@^2.4.2:
  version "2.5.0"
  resolved "https://registry.yarnpkg.com/centra/-/centra-2.5.0.tgz#854c30f9a3ff50da49fa69a8cb441aa25aa1e8e8"
  integrity sha512-CnSF1HD8vOOgNbE4P2fZEhdhfAohvpcF3DSdSvEcSHDAZvr+Xfw73isT8SXJJc3VMBqSwjXhr29/ikHUgFcypg==

parse-hls@^1.0.7:
  version "1.0.7"
  resolved "https://registry.yarnpkg.com/parse-hls/-/parse-hls-1.0.7.tgz#b1c437133f596b9d3ad074027aa8c05d33e9eb3c"
  integrity sha512-tnAK2nXe8J/Jf66SwY2cUAKKXInLR9hkNhTtcS7t6J4CgkG8LGBfC1GuuXg7kLLbIQLXpVhZrY/tfyhDbqfzwg==

phin@^3.6.1:
  version "3.6.1"
  resolved "https://registry.yarnpkg.com/phin/-/phin-3.6.1.tgz#652f61b3dbb0957bc0413a15ef55dfa4e39c303c"
  integrity sha512-ubcFKk2jRr2WUJEh+QpMkCgOQansJDuIShKbsjpejeyI/aOMLrAf0TaisbMjKwTq9CsypFFJqUaN9ZSRmBJLPw==
  dependencies:
    centra "^2.4.2"
