# THIS IS AN AUTOGENERATED FILE. DO NOT EDIT THIS FILE DIRECTLY.
# yarn lockfile v1


parse-hls@^1.0.7:
  version "1.0.7"
  resolved "https://registry.yarnpkg.com/parse-hls/-/parse-hls-1.0.7.tgz#b1c437133f596b9d3ad074027aa8c05d33e9eb3c"
  integrity sha512-tnAK2nXe8J/Jf66SwY2cUAKKXInLR9hkNhTtcS7t6J4CgkG8LGBfC1GuuXg7kLLbIQLXpVhZrY/tfyhDbqfzwg==

undici@^5.5.1:
  version "5.5.1"
  resolved "https://registry.yarnpkg.com/undici/-/undici-5.5.1.tgz#baaf25844a99eaa0b22e1ef8d205bffe587c8f43"
  integrity sha512-MEvryPLf18HvlCbLSzCW0U00IMftKGI5udnjrQbC5D4P0Hodwffhv+iGfWuJwg16Y/TK11ZFK8i+BPVW2z/eAw==
